
Microsoft Visual Studio Solution File, Format Version 12.00
# Visual Studio Version 17
VisualStudioVersion = 17.4.33205.214
MinimumVisualStudioVersion = 10.0.40219.1
Project("{9A19103F-16F7-4668-BE54-9A1E7A4F7556}") = "AWS.Nested.Stacks", "AWS.Nested.Stacks\AWS.Nested.Stacks.csproj", "{A75B9694-47CF-418E-AFEA-E88D2EB84FB3}"
EndProject
Project("{2150E333-8FDC-42A3-9474-1A3956D46DE8}") = "CloudFormation", "CloudFormation", "{A2691F19-EC62-4EA5-8022-C7FE970564C2}"
	ProjectSection(SolutionItems) = preProject
		CloudFormation\application-stack.yml = CloudFormation\application-stack.yml
	EndProjectSection
EndProject
Project("{2150E333-8FDC-42A3-9474-1A3956D46DE8}") = "Resources", "Resources", "{725CF383-9CB7-4E92-B717-25080118DACF}"
	ProjectSection(SolutionItems) = preProject
		CloudFormation\Resources\nested-stack-dynamodb.yml = CloudFormation\Resources\nested-stack-dynamodb.yml
		CloudFormation\Resources\nested-stack-lambda.yml = CloudFormation\Resources\nested-stack-lambda.yml
	EndProjectSection
EndProject
Global
	GlobalSection(SolutionConfigurationPlatforms) = preSolution
		Debug|Any CPU = Debug|Any CPU
		Release|Any CPU = Release|Any CPU
	EndGlobalSection
	GlobalSection(ProjectConfigurationPlatforms) = postSolution
		{A75B9694-47CF-418E-AFEA-E88D2EB84FB3}.Debug|Any CPU.ActiveCfg = Debug|Any CPU
		{A75B9694-47CF-418E-AFEA-E88D2EB84FB3}.Debug|Any CPU.Build.0 = Debug|Any CPU
		{A75B9694-47CF-418E-AFEA-E88D2EB84FB3}.Release|Any CPU.ActiveCfg = Release|Any CPU
		{A75B9694-47CF-418E-AFEA-E88D2EB84FB3}.Release|Any CPU.Build.0 = Release|Any CPU
	EndGlobalSection
	GlobalSection(SolutionProperties) = preSolution
		HideSolutionNode = FALSE
	EndGlobalSection
	GlobalSection(NestedProjects) = preSolution
		{725CF383-9CB7-4E92-B717-25080118DACF} = {A2691F19-EC62-4EA5-8022-C7FE970564C2}
	EndGlobalSection
	GlobalSection(ExtensibilityGlobals) = postSolution
		SolutionGuid = {D6BA54B1-681D-4ED0-A118-532051992B71}
	EndGlobalSection
EndGlobal
